# THIS IS AN AUTOGENERATED FILE. DO NOT EDIT THIS FILE DIRECTLY.
assets/aft-001-r-regular-webfont.woff:
  production: 2018-04-07T15:18:51-04:00   4424ee666cb97268fcd57d657fe4bcd4
assets/aft-001-r-regular-webfont.woff2:
  production: 2018-04-07T15:18:51-04:00   5c404b92252275057bb4deb7136200b0
assets/aft-002-mc-regular-webfont.ttf:
  production: 2018-04-07T15:18:52-04:00   4020c22a7fecbca709915643ccbf92d1
assets/aft-002-mc-regular-webfont.woff:
  production: 2018-04-07T15:18:52-04:00   ee5f8350e570be0c923aca489e3fc45c
assets/aft-002-mc-regular-webfont.woff2:
  production: 2018-04-07T15:18:53-04:00   15c4a238fc91b33d9f84ed97550668e8
assets/aft-003-msc-regular-webfont.woff:
  production: 2018-04-07T15:18:53-04:00   348649462711c355e31b9134893c484c
assets/aft-003-msc-regular-webfont.woff2:
  production: 2018-04-07T15:18:54-04:00   3063cf446493a7ab29f9a6c6ba2b4d2d
assets/aft-004-mnc-regular-webfont.ttf:
  production: 2018-04-07T15:18:55-04:00   287997e47a481334e635527a291d5a02
assets/aft-004-mnc-regular-webfont.woff:
  production: 2018-04-07T15:18:55-04:00   1f7b3f45498bdeb65bd01810031016c1
assets/aft-004-mnc-regular-webfont.woff2:
  production: 2018-04-07T15:18:54-04:00   4e535da278fa9875ccf6742e806d4cd8
assets/aft-005-mwc-regular-webfont.ttf:
  production: 2018-04-07T15:18:56-04:00   5606d1462936dc17fc38447ad580429c
assets/aft-005-mwc-regular-webfont.woff:
  production: 2018-04-07T15:18:56-04:00   a09977195985cf41cea94743f66d9091
assets/aft-005-mwc-regular-webfont.woff2:
  production: 2018-04-07T15:18:57-04:00   ff93ce27991a8b524d0914f1963b1975
assets/ajax-loader.gif:
  production: 2018-03-09T14:14:44-05:00   deca8b0ecd6974227d157b6d7068995d
assets/appmate-wishlist-king.scss.liquid:
  production: 2018-05-14T10:17:17-04:00   c19a856ee49c234a4b56cc0d62117db8
assets/bc-sf-filter-lib.js:
  production: 2018-05-20T18:13:53-04:00   81a6fe2ec5ecd063a748a9c89e0714f1
assets/bc-sf-filter-loading.gif:
  production: 2018-05-18T15:11:14-04:00   4f0d7a057ab9bf47148d131d6823bc61
assets/bc-sf-filter-no-image.gif:
  production: 2018-05-18T15:11:15-04:00   0c0c8503031b6551f7dbbbe77f180ab4
assets/bc-sf-filter-sprite.png:
  production: 2018-05-18T15:11:16-04:00   733a9d1b60a0250d46ed78e6209d6468
assets/bc-sf-filter.css:
  production: 2018-05-18T18:36:27-04:00   5f308ae5974cfebcbe446b1c4e5b1405
assets/bc-sf-filter.js:
  production: 2018-05-19T19:12:24-04:00   c9e53cc5b84dd52bfc68911213cd9496
assets/bc-sf-search.js:
  production: 2018-05-20T14:27:40-04:00   99820f1c3ad70c9142053492c4c1da48
assets/bc-sf-search.png:
  production: 2018-05-18T18:59:05-04:00   da6417b7ff170247afd7492825ce16f9
assets/gift-card.js:
  production: 2018-03-09T14:14:44-05:00   c73df2ee57cc9eb577f7a1858063495d
assets/gift-card.scss.liquid:
  production: 2018-03-09T14:14:44-05:00   647ae860a3a785081fa97f55b66cea83
assets/helveticabq-roman-webfont.woff:
  production: 2018-04-19T15:15:43-04:00   2e6c7919dabb18d09c16ba96f9cef7b2
assets/helveticabq-roman-webfont.woff2:
  production: 2018-04-19T15:15:43-04:00   d35fdcc5b3fe98c2d17e5835892e549f
assets/ico-select.svg.liquid:
  production: 2018-03-09T14:14:44-05:00   28de0c672609528b7c55f6f47810784b
assets/jquery.currencies.min.js:
  production: 2018-04-07T16:27:17-04:00   fbda3f892f5bfe99013e90c545ecef31
assets/jquery.products.min.js:
  production: 2018-05-18T12:50:14-04:00   fad88a9e6557f4efed77aacc497c8633
assets/lazysizes.js:
  production: 2018-03-09T14:14:44-05:00   a27b15d827d7a26f9fa58fb6b4f9d4b6
assets/logo.png:
  production: 2018-05-13T21:07:50-04:00   74d7cdd21ebdd3ed6ad25c338ce95cf4
assets/main.min.js:
  production: 2018-05-20T18:11:57-04:00   73fdf23085ab037ab58858f30b975eab
assets/main.min.js.map:
  production: 2018-05-20T18:11:56-04:00   3766a6b103784807029261d7861b2aa1
assets/match-media.min.js:
  production: 2018-03-09T14:14:44-05:00   d0bf06c458a236dcca39b3be8cf80ec5
assets/modernizr.min.js:
  production: 2018-03-09T15:40:03-05:00   e8a7c9329f429b2b271e31c540e61075
assets/password.js:
  production: 2018-03-09T14:14:45-05:00   d826da9cb223a44d53a0c34f457e92dc
assets/style.css.liquid:
  production: 2018-03-09T15:39:50-05:00   d246d8e2c0f9fcccd6015b012298bdba
assets/style.css.liquid.map:
  production: 2018-03-09T15:39:48-05:00   311a6475ee01ade903ba1585db6b5679
assets/style.scss.liquid:
  production: 2018-05-21T11:07:50-04:00   4035a9cc6516cc225d6fafc110d1d8dd
assets/style.scss.liquid.map:
  production: 2018-05-21T11:07:49-04:00   d381f341a330f0ee5050c47261de8216
assets/subway.jpg:
  production: 2018-04-15T12:19:08-04:00   d16f35dbd6fcb24315c8801694ec4af0
assets/subway.mp4:
  production: 2018-04-09T21:59:15-04:00   bbce47ef182a2a1d3445881808f9510b
assets/subway.ogv:
  production: 2018-04-15T12:19:05-04:00   1eaceeea5ce6b70e1732f83f1c9c83e2
assets/theme.js:
  production: 2018-03-09T14:14:45-05:00   bad76a6baf81c2130b9d584d1fc3febc
assets/theme.scss.liquid:
  production: 2018-03-09T14:14:45-05:00   b444d2437d5ad9ab12ac0e80bd60da6d
assets/vendor.js:
  production: 2018-03-09T14:14:45-05:00   cb7c4217c9b6feb844647b361accfe6c
assets/vendor.min.js:
  production: 2018-05-18T13:55:22-04:00   949a36c391950b4a4dbbf1d8f286897f
assets/video.webm:
  production: 2018-04-07T15:11:03-04:00   dbb5e9596bb479d1a69a111891164cdc
assets/wish-list.js:
  production: 2018-04-10T10:47:05-04:00   556325f26e11c7cec838d9ea3d24adcc
config/settings_data.json:
  production: 2018-05-18T13:47:45-04:00   25fbec12a0a5cbc9876003f8972cd008
config/settings_schema.json:
  production: 2018-04-22T13:17:54-04:00   0c09f94a1a5d7f1a4c1009fde3e1f1fe
layout/gift_card.liquid:
  production: 2018-03-09T14:14:45-05:00   876374b0950e11992ce087d1d2bad3c8
layout/password.liquid:
  production: 2018-03-09T14:14:45-05:00   6351674ea67c53e01643a5bea02f7d0a
layout/theme.liquid:
  production: 2018-05-19T16:29:46-04:00   77a57dbd9f01b7e35388f729031e17e5
locales/de.json:
  production: 2018-05-18T15:10:43-04:00   d21fdce0a4a52ad50be30b4baa321293
locales/en.default.json:
  production: 2018-05-18T15:10:47-04:00   66c67d91b7efaedd04d0e1a913b8c26d
locales/es.json:
  production: 2018-05-18T15:10:52-04:00   5ac902aad20fa8189b5ffb90d13f4a99
locales/fr.json:
  production: 2018-03-09T15:39:32-05:00   405d1b0c53edb1111bb1fe235441f870
locales/it.json:
  production: 2018-05-16T22:42:48-04:00   1e9bf18e791cca0b5c22210f65193234
locales/ja.json:
  production: 2018-05-16T22:43:43-04:00   d37fd5030ba34cadec9ea376c939f2a1
locales/pt-BR.json:
  production: 2018-03-09T15:39:36-05:00   53dcd543804fa19448926b67de12af21
locales/pt-PT.json:
  production: 2018-03-09T15:39:40-05:00   e2b26c36de148ceae52c328ba5e52b29
sections/article-template.liquid:
  production: 2018-03-09T14:14:42-05:00   6850937aeb295fae74ca4dec2a6922bb
sections/article.liquid:
  production: 2018-03-09T15:39:50-05:00   d32782c3de36ca55e25744426d7328b3
sections/blog-template.liquid:
  production: 2018-03-09T14:14:42-05:00   5757170836346c1082ffba4ef408857e
sections/cart-template.liquid:
  production: 2018-03-09T14:14:42-05:00   f07185af88ed866aaf60d6567f794269
sections/collaboration-product-vans.liquid:
  production: 2018-04-09T15:18:24-04:00   0a926b3f9d05d9fd1a1c2ef19bb11c7a
sections/collaboration-product.liquid:
  production: 2018-05-20T12:13:25-04:00   1f24391c13d663984455d6a85b0fcaa7
sections/collection-list.liquid:
  production: 2018-03-09T14:14:42-05:00   a55d61b95ff71917adad276c41ee1dc0
sections/collection-template.liquid:
  production: 2018-03-09T14:14:42-05:00   7770eba3ed3374c97f43677826939401
sections/collection.liquid:
  production: 2018-05-21T11:00:16-04:00   471225c1dc3e5bd5d4e1a7a2ef093364
sections/custom-content.liquid:
  production: 2018-03-09T14:14:42-05:00   9abed1c1562136145fb81ea24137c7ac
sections/feature-collection.liquid:
  production: 2018-04-19T15:41:01-04:00   8892ff975cb58cb3bdfaf0336a3f4d08
sections/feature-columns.liquid:
  production: 2018-03-09T14:14:42-05:00   7ee793287ae4e364423ed47d32ad34af
sections/feature-row.liquid:
  production: 2018-03-09T14:14:43-05:00   bde08223943123aaf565f941cabf86e4
sections/featured-blog.liquid:
  production: 2018-03-09T14:14:43-05:00   9a1edbe837a0e23ee0b4aa7e024db613
sections/featured-product.liquid:
  production: 2018-03-09T14:14:43-05:00   9c2cd13b0e7e12c4468426c6119eb30e
sections/footer.liquid:
  production: 2018-03-09T14:14:43-05:00   ef65a6f1cfaeee88c73444df0b8f02b3
sections/header.liquid:
  production: 2018-03-09T14:14:43-05:00   79e90be3ecdb349a38715427ba56fa5b
sections/hero.liquid:
  production: 2018-04-19T15:02:12-04:00   ac1e14988ef6833e56af3765e43f9d69
sections/image-bar.liquid:
  production: 2018-03-09T14:14:43-05:00   aa3e620e7da9659ad6c8a55ca2e596a8
sections/image.liquid:
  production: 2018-04-19T16:59:12-04:00   ab073cfaa55e8c84e185d80d16e5dca3
sections/instagram.liquid:
  production: 2018-03-09T15:39:47-05:00   9208bb98b30654d2dccf32de0512432e
sections/list-collections-template.liquid:
  production: 2018-03-09T14:14:43-05:00   3039da18483e52dcf6e6d354ac533cb6
sections/logo-bar.liquid:
  production: 2018-03-09T14:14:43-05:00   be9fbe5af92667ee59e0b2198d02944c
sections/map.liquid:
  production: 2018-05-16T22:43:20-04:00   e6bfab6213264f929e50e67ca23701b1
sections/newsletter.liquid:
  production: 2018-04-29T13:49:49-04:00   c90f9c66c4ae9b8e107954fedf74597e
sections/password-content.liquid:
  production: 2018-03-09T14:14:43-05:00   a3f9a878372b9cc4908dedc0257b9c0e
sections/password-footer.liquid:
  production: 2018-03-09T14:14:43-05:00   0c543736abf1ace6be7207be17195203
sections/password-header.liquid:
  production: 2018-03-09T14:14:43-05:00   96c731183fa1c3f2f87ca66501494897
sections/product-template.liquid:
  production: 2018-03-09T14:14:43-05:00   97835930141d94b232abc785d21a7881
sections/product.liquid:
  production: 2018-03-09T15:39:58-05:00   9694c77b64c7d48f216cdc04345af36c
sections/quotes.liquid:
  production: 2018-05-16T22:43:40-04:00   b234ffff9a061befe87a0d69a121af1c
sections/rich-text.liquid:
  production: 2018-03-09T14:14:43-05:00   d25fb0e1575242ba565b129eff3dd1b8
sections/slideshow.liquid:
  production: 2018-03-09T15:43:39-05:00   9cb6e3178d0f57052ac4f452779785c4
sections/video.liquid:
  production: 2018-04-19T16:50:16-04:00   a0ff89054976fa2a263e695e1e36db02
snippets/account-nav.liquid:
  production: 2018-05-20T12:27:46-04:00   14c6ee914b214ecf0f436cecba353ad2
snippets/account.liquid:
  production: 2018-05-19T21:55:19-04:00   8dc0c306ebb1fcf8851cf9ecd8782aa9
snippets/addresses.liquid:
  production: 2018-05-20T12:25:38-04:00   93e6ae72a45a192e3cefe095624e9628
snippets/appmate-wishlist-king.liquid:
  production: 2018-05-20T14:40:54-04:00   5f2844373789195627a2cb224055900f
snippets/bc-sf-filter.liquid:
  production: 2018-05-21T11:04:10-04:00   b2cec0e8c4dc99d3dd332d9e6082ba6a
snippets/bgset.liquid:
  production: 2018-03-09T14:14:46-05:00   85889bbc39b57621f32fad66317366fc
snippets/billboard-text.liquid:
  production: 2018-03-09T15:39:24-05:00   8ffc666454f65314def242dd240882e5
snippets/breadcrumb.liquid:
  production: 2018-05-18T12:54:56-04:00   fc69fbc5f0131f1be8d37b746b4d9c21
snippets/cart-flyout.liquid:
  production: 2018-03-09T15:39:45-05:00   0db2b5e752ffa953dbf46b0a03181a67
snippets/cart-item-select.liquid:
  production: 2018-05-18T00:06:39-04:00   3fda91228346ce5374593a5f83ca8c13
snippets/collab-pdp-description.liquid:
  production: 2018-04-21T14:02:30-04:00   af590e7855bcd100473750fac5fe0c38
snippets/collection-filters.liquid:
  production: 2018-05-19T13:12:21-04:00   cfc9bee39529701cea3ad3aebecd7568
snippets/collection-grid-item.liquid:
  production: 2018-03-09T15:39:59-05:00   7c3c6e10d2aa929d158df5bc81153316
snippets/collection-settings.liquid:
  production: 2018-03-09T15:39:46-05:00   56b5738deedeac3cced2112451612cdd
snippets/collection-sorting.liquid:
  production: 2018-03-09T15:39:54-05:00   36e7ae0cc7c5e424d5be4e962fe3bcf7
snippets/collection-tags.liquid:
  production: 2018-03-09T15:39:51-05:00   4ec6eeb72392fbc37db82dacea875449
snippets/color-swatches.liquid:
  production: 2018-03-09T15:39:52-05:00   2d0940998f42bc4e16bc3a74d0434eb3
snippets/comment.liquid:
  production: 2018-03-09T14:14:46-05:00   50406c82467014e1bbe15a62685b2536
snippets/currencies.liquid:
  production: 2018-05-13T21:23:33-04:00   f82228b6f65eb48df23a4027164da8f8
snippets/currency-picker.liquid:
  production: 2018-04-07T16:46:17-04:00   a6333b40cf2faae586fd26bcd2916b49
snippets/eu-cookie-banner-app.liquid:
  production: 2018-05-11T11:43:31-04:00   0661993bade22049dbe574ae9384f06c
snippets/filter-nav.liquid:
  production: 2018-05-19T22:49:19-04:00   c8bc84e99a79acaae851bf65463f2f25
snippets/footer.liquid:
  production: 2018-05-04T17:38:30-04:00   09a18708ed41bc0ab7531ee87439a68e
snippets/google-fonts.liquid:
  production: 2018-03-09T15:39:23-05:00   8e40cfa27425f9a5b955b747e1edee96
snippets/handlebars-templates.liquid:
  production: 2018-03-09T15:40:00-05:00   47746bbe3705fbb3f8c6413eaec73bf7
snippets/header.liquid:
  production: 2018-05-19T21:51:52-04:00   3ce415d183deae7f6a993b70d15861cb
snippets/icon-amazon_payments.liquid:
  production: 2018-03-09T14:14:46-05:00   f1ad8ba26dd5b98117703ede5357e408
snippets/icon-american_express.liquid:
  production: 2018-03-09T14:14:46-05:00   9da829decce6867b8de60a183c94d099
snippets/icon-apple_pay.liquid:
  production: 2018-03-09T14:14:46-05:00   e82e7acc46479ea2173926f8fad55db0
snippets/icon-arrow-left.liquid:
  production: 2018-03-09T14:14:46-05:00   5abf8c4c69967103f685014dcc88a6e7
snippets/icon-arrow-right.liquid:
  production: 2018-03-09T14:14:46-05:00   45f24673c43655e9275d1ba99d814374
snippets/icon-bitcoin.liquid:
  production: 2018-03-09T14:14:46-05:00   d8cb31e0401818c1cb852348b6f27420
snippets/icon-cart.liquid:
  production: 2018-03-09T14:14:46-05:00   c9de61c7db365e0090f7ca5423b633e6
snippets/icon-chevron-down.liquid:
  production: 2018-03-09T14:14:46-05:00   7d3a8cd08370aa9d2a88ae542446a181
snippets/icon-chevron-left.liquid:
  production: 2018-03-09T14:14:46-05:00   6290d56c32e8ac47abe4a4f4d90ed032
snippets/icon-chevron-right.liquid:
  production: 2018-03-09T14:14:46-05:00   41842e53e7b826a0d260e2ccffbfdab1
snippets/icon-chevron-up.liquid:
  production: 2018-03-09T14:14:46-05:00   4df1e02c8789418fc53d48e2913daf49
snippets/icon-cirrus.liquid:
  production: 2018-03-09T14:14:46-05:00   fcbd6ce7e38d7946c921c8ed6ad5ca71
snippets/icon-close.liquid:
  production: 2018-03-09T14:14:46-05:00   a04fce17a63e760b9bce76768ee29feb
snippets/icon-dankort.liquid:
  production: 2018-03-09T14:14:46-05:00   796e1e822b3e46784d303b48c9db5b29
snippets/icon-diners_club.liquid:
  production: 2018-03-09T14:14:46-05:00   cf70ea54486bb14c286264f90dab9ff8
snippets/icon-discover.liquid:
  production: 2018-03-09T14:14:46-05:00   b43221b39bc3df37f7e6c7810d3e54d8
snippets/icon-dogecoin.liquid:
  production: 2018-03-09T14:14:46-05:00   6a35f5db9eb93d1ed563c6989ff30798
snippets/icon-dwolla.liquid:
  production: 2018-03-09T14:14:46-05:00   aeb86f67aad84adaf7635d2043cb89a9
snippets/icon-facebook.liquid:
  production: 2018-03-09T14:14:46-05:00   334588042b292f2d7335fd2791c35eca
snippets/icon-forbrugsforeningen.liquid:
  production: 2018-03-09T14:14:46-05:00   ff962a94f23046340766c215b0f14a52
snippets/icon-hamburger.liquid:
  production: 2018-03-09T14:14:46-05:00   559577e06ff14924311cfe2642e8b765
snippets/icon-instagram.liquid:
  production: 2018-03-09T14:14:47-05:00   bf50214819f6e2a5f053593e2414526d
snippets/icon-interac.liquid:
  production: 2018-03-09T14:14:47-05:00   24c4d22a98c0574c32fc02fe39e34b80
snippets/icon-jcb.liquid:
  production: 2018-03-09T14:14:47-05:00   275259ce80a1b368d0e5afcf7d6bb6f3
snippets/icon-klarna.liquid:
  production: 2018-03-09T14:14:47-05:00   9faa80c27e5612a01f9f0f9fc3ad3d6f
snippets/icon-laser.liquid:
  production: 2018-03-09T14:14:47-05:00   bd1a0ecfe958b6a6e84bf80e0669a6da
snippets/icon-litecoin.liquid:
  production: 2018-03-09T14:14:47-05:00   051dfcb36fa17b532a087b12f0a49e0e
snippets/icon-lock.liquid:
  production: 2018-03-09T14:14:47-05:00   60ae7ba03d14efa582faed8855821a58
snippets/icon-login.liquid:
  production: 2018-03-09T14:14:47-05:00   9a74bdaac402576390ca1dbdc9e7869c
snippets/icon-maestro.liquid:
  production: 2018-03-09T14:14:47-05:00   b987e558ecad607661489939ec8ca524
snippets/icon-master.liquid:
  production: 2018-03-09T14:14:47-05:00   7be93970b63c2fd0e2b319a35c00a9d7
snippets/icon-minus.liquid:
  production: 2018-03-09T14:14:47-05:00   78c513424d498299e865f8a242823ad0
snippets/icon-pause.liquid:
  production: 2018-03-09T14:14:47-05:00   99e785a63af3ab0a7ccd9c5551ea8910
snippets/icon-paypal.liquid:
  production: 2018-03-09T14:14:47-05:00   1b0d7db160b229b8519cccf2514ee676
snippets/icon-pin.liquid:
  production: 2018-03-09T14:14:47-05:00   694162388571d6142ec30bc299d8ac91
snippets/icon-pinterest.liquid:
  production: 2018-03-09T14:14:47-05:00   701f2a785b3fa83d63e3ab54af060031
snippets/icon-play-video.liquid:
  production: 2018-03-09T14:14:47-05:00   f0b736a271f33b83b319b2d04e61aa2b
snippets/icon-play.liquid:
  production: 2018-03-09T14:14:47-05:00   31ff2901a9fd0f32ebc4c05748e7aa5d
snippets/icon-plus.liquid:
  production: 2018-03-09T14:14:47-05:00   ba5297f64eb7ea97f1785e8166e11231
snippets/icon-quote.liquid:
  production: 2018-03-09T14:14:47-05:00   e710949f7a142dfc3c4fac15c33bb2fa
snippets/icon-rss.liquid:
  production: 2018-03-09T14:14:47-05:00   6493d6bcb850513a55823d4ff62b0f8b
snippets/icon-search.liquid:
  production: 2018-03-09T14:14:47-05:00   7a6bf8d43770ed3a16cb22001718b87e
snippets/icon-shopify-logo.liquid:
  production: 2018-03-09T14:14:47-05:00   3f0b70f9e01be5b25507d25a732ecde7
snippets/icon-shopify_pay.liquid:
  production: 2018-03-09T14:14:47-05:00   0af2d9a3a7f1b14dfc11f8e4b9746c2d
snippets/icon-snapchat.liquid:
  production: 2018-03-09T14:14:47-05:00   9ed6937e3232c9034976be2b8ed9f673
snippets/icon-stripe.liquid:
  production: 2018-03-09T14:14:47-05:00   208713954dff9de98f800df59763615d
snippets/icon-tumblr.liquid:
  production: 2018-03-09T14:14:47-05:00   d71a4ada77a8a9b6bd792bdafef393de
snippets/icon-twitter.liquid:
  production: 2018-03-09T14:14:48-05:00   24047c22697a23a0baabf2804adc6c11
snippets/icon-vimeo.liquid:
  production: 2018-03-09T14:14:48-05:00   a229ed8a1a81e6ef95ad621f8a34efb6
snippets/icon-visa.liquid:
  production: 2018-03-09T14:14:48-05:00   9098533cd59e385d2672f6d8b7fa4b04
snippets/icon-youtube.liquid:
  production: 2018-03-09T14:14:48-05:00   9d72c5bc3eaa14a3e7aefd921881b1ae
snippets/image-style.liquid:
  production: 2018-03-09T14:14:48-05:00   2d807ad1f4831d306d8e190b89d45c00
snippets/iubenda-banner.liquid:
  production: 2018-05-12T13:07:13-04:00   aa0dc0ae78c17b3d87839fd01e045230
snippets/login.liquid:
  production: 2018-05-18T14:49:02-04:00   5651cc829207510b337b8b9efdf937b6
snippets/menu-breadcrumb.liquid:
  production: 2018-05-18T14:21:57-04:00   bc270aef5d66c4bb4ac5f5cdf34d6731
snippets/mlveda-currencies-switcher.liquid:
  production: 2018-05-18T12:54:17-04:00   b235fd152832aa93d3f28f8ab7e9f00b
snippets/mlveda-currencies.liquid:
  production: 2018-04-07T16:07:20-04:00   b70e5b285ded3ae696c431ab5103bff5
snippets/mobile-menu.liquid:
  production: 2018-03-09T15:40:02-05:00   cdeb6de7846cd28aaf60326c9c92ea68
snippets/narrative-interruptions.liquid:
  production: 2018-04-22T13:29:38-04:00   f4bf8292de43bc6622db52b33625b8f5
snippets/nav-breadcrumb.liquid:
  production: 2018-05-18T14:18:47-04:00   d51570432587e6655d5a49e1825581d3
snippets/nav-utilities-mobile.liquid:
  production: 2018-04-29T18:03:18-04:00   59616f8f490b750b44375680cb5ce5ce
snippets/newsletter-form.liquid:
  production: 2018-05-19T22:23:48-04:00   3b641faf7a4755ceaf4e037ad7745bd0
snippets/newsletter-popup.liquid:
  production: 2018-03-09T15:39:25-05:00   bb554a4a5f567d088572046168c2ec1f
snippets/no-blocks.liquid:
  production: 2018-03-09T14:14:48-05:00   0cb7d758b6df0feb07ae5804b4b627fa
snippets/oldIE-js.liquid:
  production: 2018-03-09T15:39:31-05:00   3b77bb1e396a1fe8154565277aea0db3
snippets/pagination.liquid:
  production: 2018-05-11T15:25:17-04:00   02327bc15d49d585ea172b094a6d8100
snippets/picture.liquid:
  production: 2018-04-19T14:51:33-04:00   4bd41df7280bd5122eaa0fffd3ca59d5
snippets/product-card-grid.liquid:
  production: 2018-03-09T14:14:48-05:00   4688cc4ff89f19be4a58919fb7a3a8fe
snippets/product-card-list.liquid:
  production: 2018-03-09T14:14:48-05:00   701fa6db04bd9c70283028cc4274fc2f
snippets/product-item-cart.liquid:
  production: 2018-05-18T14:31:50-04:00   11837a828648cd59cf6de716243c12a3
snippets/product-item.liquid:
  production: 2018-05-19T13:52:03-04:00   e205b41c61136e77084a97f6442d224c
snippets/product-price.liquid:
  production: 2018-03-09T14:14:48-05:00   6f6d1b55d488d08b5af74f762fa0a528
snippets/product-qty.liquid:
  production: 2018-03-09T15:39:37-05:00   ae81b12aa93a94df5e4b49ec2f9fcfc3
snippets/product-takeover.liquid:
  production: 2018-03-09T15:39:48-05:00   11198cb0d65b822830794f20a5a2cab4
snippets/product-thumbs.liquid:
  production: 2018-03-09T15:39:41-05:00   6229e4c4e5bf162dc387689830db08bf
snippets/purchase-history.liquid:
  production: 2018-05-13T17:53:07-04:00   91658fd5de70857a1ef00c574e695e0d
snippets/recently-viewed.liquid:
  production: 2018-05-20T14:40:13-04:00   10cc5fe86d1e80cbeb95289be38b1ae0
snippets/register.liquid:
  production: 2018-05-19T22:33:49-04:00   88cb1a4bc869a53c318da81f4cccde1c
snippets/related-cart-products.liquid:
  production: 2018-05-18T14:29:49-04:00   3c9175cb88ccd569a24482cf27e05734
snippets/related-collab-products.liquid:
  production: 2018-05-15T22:11:27-04:00   089910d53c44072d0a30fbe210e973d5
snippets/related-products.liquid:
  production: 2018-05-16T19:33:22-04:00   ace6225a258957a451c500051e2a91f3
snippets/respond.liquid:
  production: 2018-03-09T15:39:35-05:00   296108cb94e6cb82d515ebb93308ef68
snippets/search-autocomplete.liquid:
  production: 2018-05-19T20:22:26-04:00   a2bedd27e632e46336b66525bbbad591
snippets/search-bar.liquid:
  production: 2018-05-20T13:27:05-04:00   e2be14a5326716a0ef8fabe7bebfeb82
snippets/search-form.liquid:
  production: 2018-03-09T14:14:48-05:00   28a50f2542fd28c27fd3eb50ae816c46
snippets/search-result.liquid:
  production: 2018-03-09T15:39:34-05:00   b234654907a4ead2897196277c34efb2
snippets/simplify-metafield-article.liquid:
  production: 2018-03-09T15:39:55-05:00   d6e7052935025fab4cc2c252dd1a50e3
snippets/simplify-metafield-collection.liquid:
  production: 2018-03-09T15:39:43-05:00   97d18150df1a9784d3670e3850d1cb4d
snippets/simplify-metafield-color.liquid:
  production: 2018-03-09T15:39:44-05:00   6516ff20c49ef9deb392e2354472b7aa
snippets/simplify-metafield-date.liquid:
  production: 2018-03-09T15:39:37-05:00   ebab0bf31c7c51a368e575373f3d41a6
snippets/simplify-metafield-image.liquid:
  production: 2018-03-09T15:39:56-05:00   63694ca04268e9f529c3ba530dfeb6f4
snippets/simplify-metafield-map.liquid:
  production: 2018-03-09T15:39:46-05:00   481830cb0873b77a6a33253775e90b7c
snippets/simplify-metafield-product.liquid:
  production: 2018-03-09T15:39:54-05:00   3959fdc8230771e87aabd114d761dd46
snippets/simplify-metafield-richtext.liquid:
  production: 2018-03-09T15:39:24-05:00   6516ff20c49ef9deb392e2354472b7aa
snippets/simplify-metafield-text.liquid:
  production: 2018-03-09T15:39:23-05:00   6516ff20c49ef9deb392e2354472b7aa
snippets/simplify-metafield-textarea.liquid:
  production: 2018-03-09T15:40:02-05:00   6516ff20c49ef9deb392e2354472b7aa
snippets/simplify-waitlist.liquid:
  production: 2018-03-09T15:40:04-05:00   4d52126c15493a05092808ec490fd927
snippets/site-nav.liquid:
  production: 2018-03-09T14:14:48-05:00   5dd310311666e5b860d9dfe8af0332e8
snippets/sizeguide.liquid:
  production: 2018-03-09T15:39:40-05:00   49fcaf0263099a725556b4ca4abe66dd
snippets/slide-arrows.liquid:
  production: 2018-03-09T15:39:42-05:00   fc1823dc1c071e31f74d30d6765586d5
snippets/social-links.liquid:
  production: 2018-03-09T15:39:49-05:00   bbce35f5e418dbf86a5dc16723e1b218
snippets/social-meta-tags.liquid:
  production: 2018-03-09T15:39:57-05:00   94ffd436be711c1ed04282f59a5a54b2
snippets/social-sharing.liquid:
  production: 2018-04-21T16:33:58-04:00   06e89c21c2cd405c69d821f35320d6ae
snippets/sprite.liquid:
  production: 2018-04-22T19:19:11-04:00   29fb16420b37184e739a0bad2e279472
snippets/star.liquid:
  production: 2018-04-10T12:22:17-04:00   6bd49e7876ad1bf746d6078b85e5a598
snippets/subscription-cart-footer.liquid:
  production: 2018-03-09T15:39:35-05:00   33101c6033a5d716cf1008e751034d89
snippets/subscription-product.liquid:
  production: 2018-03-09T15:39:34-05:00   8e552ccb99616e2dd6680bb28a8ac7b9
snippets/subscription-theme-footer.liquid:
  production: 2018-03-09T15:39:53-05:00   1d8cc7f2d7c9f1d549334cc16df77a4f
snippets/svg-definitions.liquid:
  production: 2018-03-09T15:40:04-05:00   fe4fbc64d534e355fd8653de4ebac79a
snippets/tags-article.liquid:
  production: 2018-03-09T15:39:59-05:00   20bac49751d1b57826250dd05fdba854
snippets/wishlist-page.liquid:
  production: 2018-04-21T19:43:51-04:00   39e5911759111599152967bc1a147c44
snippets/wishlist-product.liquid:
  production: 2018-04-10T10:44:24-04:00   19c0114c358dfd1ee471a2d1319ca6b9
templates/404.liquid:
  production: 2018-03-09T15:39:30-05:00   94026a0f30f8252a23bf311a24fc4f9b
templates/article.alternate.liquid:
  production: 2018-03-09T15:39:39-05:00   3e9abfe3d5ebf0abe652a8496ec79ab7
templates/article.liquid:
  production: 2018-03-09T15:39:43-05:00   36c8adf48e785c8e1e028fc8b8a5a020
templates/blog.liquid:
  production: 2018-03-09T15:39:32-05:00   ff2a41a13c1545b180f2c4e341b3a84d
templates/cart.liquid:
  production: 2018-05-20T13:16:37-04:00   e58f2af84f3afd2d49398d93e0941e3e
templates/collection.liquid:
  production: 2018-05-19T15:31:47-04:00   dcea9f54e2b65a95b49821985a684b5b
templates/collection.main.liquid:
  production: 2018-05-21T10:58:07-04:00   5ec21b4372b9b34fb0d0d976d0a0fbfa
templates/customers/account.liquid:
  production: 2018-05-19T21:54:47-04:00   93a148fc098286fdaf38d2a16a548ff7
templates/customers/activate_account.liquid:
  production: 2018-03-09T15:40:01-05:00   dd9aa72cdd2fac22ee451ffd34bd6ccd
templates/customers/addresses.liquid:
  production: 2018-05-20T12:28:19-04:00   49e38cb077af2b9a717bb1fe6db29e39
templates/customers/login.liquid:
  production: 2018-05-13T17:01:20-04:00   a4d5dae04d642e302962629a7fd0643d
templates/customers/order.liquid:
  production: 2018-03-09T15:39:29-05:00   e58f75d4b5119d0d1ce04950dd1fa5b3
templates/customers/register.liquid:
  production: 2018-05-13T14:25:48-04:00   f1f53b9e7ac62fd6d24a6a2ca57f30fb
templates/customers/reset_password.liquid:
  production: 2018-03-09T15:39:42-05:00   9e0bff88e275e5bd5919c0044023927e
templates/gift_card.liquid:
  production: 2018-03-09T15:39:29-05:00   0d494faea1fd1bbff2dbf8a06e11a641
templates/index.liquid:
  production: 2018-05-21T10:39:03-04:00   56b51b6f96394db4b17c64b43e1c0010
templates/list-collections.liquid:
  production: 2018-03-09T15:39:38-05:00   412c6f1c3227692a56ca2703846e2a06
templates/page.collaboration-fw19.liquid:
  production: 2018-05-21T09:50:53-04:00   b7373973352b1fdea9bb48741bfd25dd
templates/page.collaboration-ss18.liquid:
  production: 2018-05-21T09:51:04-04:00   42d72d58b3b789fca742ba3b6cd28779
templates/page.collaboration-ss19.liquid:
  production: 2018-05-21T09:50:44-04:00   cac123112290a24c01c59c3192ff4e81
templates/page.collaboration-vans.liquid:
  production: 2018-04-09T14:54:16-04:00   8cd281e9a2144d5149cf11aaaf69e6a6
templates/page.collaboration.liquid:
  production: 2018-05-16T20:10:40-04:00   42d72d58b3b789fca742ba3b6cd28779
templates/page.contact.liquid:
  production: 2018-05-18T18:56:49-04:00   74b5c63224f3f3e6892547dc341c0cff
templates/page.liquid:
  production: 2018-04-08T18:02:28-04:00   881a1566959a00b2facac1f54c66c0c2
templates/page.newsletter.liquid:
  production: 2018-05-08T12:35:15-04:00   3846c3fa0e9087a5fa448e71eccbf2a2
templates/page.privacy-policy.liquid:
  production: 2018-05-04T17:37:29-04:00   1cf1abe9fd54d76762b09459f5fc4c46
templates/page.purchase-history.liquid:
  production: 2018-05-19T22:01:16-04:00   f385ea1a13ed80e437a128fd1f8d40e5
templates/page.recently-viewed.liquid:
  production: 2018-05-19T22:02:14-04:00   e3ebe3e1c5dc05560cf2492ff4317b19
templates/page.shipping.liquid:
  production: 2018-05-08T17:20:11-04:00   fe77e7447bf6f61cfd70d87326cd0d27
templates/page.wishlist-bk.liquid:
  production: 2018-04-10T12:04:26-04:00   de9432df59eeac97ce6b0675ea338d21
templates/page.wishlist-shared.liquid:
  production: 2018-04-10T12:05:14-04:00   18d603ead947a365f32611d283a6b5c8
templates/page.wishlist.liquid:
  production: 2018-05-19T21:58:46-04:00   8460fa401e56fe320110e3ec7ab954bc
templates/password.liquid:
  production: 2018-04-08T21:57:13-04:00   ff99c4e21bf8909829d5d5a1424c7c77
templates/product.liquid:
  production: 2018-05-19T13:52:42-04:00   dc4f03f6478a497328d48189b9748024
templates/search.bk.liquid:
  production: 2018-05-18T18:58:18-04:00   065faff97e41f886344de70ef33d7f0d
templates/search.json.liquid:
  production: 2018-04-22T17:43:11-04:00   8ec73ba5d8fa7638193abd76ecd8c76f
templates/search.liquid:
  production: 2018-05-18T19:34:13-04:00   02c39791a12746e022ce0ac32794234f
